
Microsoft Visual Studio Solution File, Format Version 12.00
# Visual Studio Version 17
VisualStudioVersion = 17.8.34511.84
MinimumVisualStudioVersion = 10.0.40219.1
Project("{FAE04EC0-301F-11D3-BF4B-00C04F79EFBC}") = "Delegates", "Delegates\Delegates.csproj", "{2F7BB48C-1869-43FF-954D-C9351C86CA59}"
EndProject
Project("{FAE04EC0-301F-11D3-BF4B-00C04F79EFBC}") = "Delegates2demo", "Delegates2demo\Delegates2demo.csproj", "{B51F2360-84C9-4888-9BD9-38C23755CB94}"
EndProject
Global
	GlobalSection(SolutionConfigurationPlatforms) = preSolution
		Debug|Any CPU = Debug|Any CPU
		Release|Any CPU = Release|Any CPU
	EndGlobalSection
	GlobalSection(ProjectConfigurationPlatforms) = postSolution
		{2F7BB48C-1869-43FF-954D-C9351C86CA59}.Debug|Any CPU.ActiveCfg = Debug|Any CPU
		{2F7BB48C-1869-43FF-954D-C9351C86CA59}.Debug|Any CPU.Build.0 = Debug|Any CPU
		{2F7BB48C-1869-43FF-954D-C9351C86CA59}.Release|Any CPU.ActiveCfg = Release|Any CPU
		{2F7BB48C-1869-43FF-954D-C9351C86CA59}.Release|Any CPU.Build.0 = Release|Any CPU
		{B51F2360-84C9-4888-9BD9-38C23755CB94}.Debug|Any CPU.ActiveCfg = Debug|Any CPU
		{B51F2360-84C9-4888-9BD9-38C23755CB94}.Debug|Any CPU.Build.0 = Debug|Any CPU
		{B51F2360-84C9-4888-9BD9-38C23755CB94}.Release|Any CPU.ActiveCfg = Release|Any CPU
		{B51F2360-84C9-4888-9BD9-38C23755CB94}.Release|Any CPU.Build.0 = Release|Any CPU
	EndGlobalSection
	GlobalSection(SolutionProperties) = preSolution
		HideSolutionNode = FALSE
	EndGlobalSection
	GlobalSection(ExtensibilityGlobals) = postSolution
		SolutionGuid = {6DF752B1-754C-4852-ABFD-ED5F406D37FA}
	EndGlobalSection
EndGlobal
